
Microsoft Visual Studio Solution File, Format Version 12.00
# Visual Studio 15
VisualStudioVersion = 15.0.28010.2003
MinimumVisualStudioVersion = 10.0.40219.1
Project("{8BC9CEB8-8B4A-11D0-8D11-00A0C91BC942}") = "SwGrade", "SwGrade\SwGrade.vcxproj", "{B6862A8C-6251-4F63-9D91-4BD17084686C}"
EndProject
Global
	GlobalSection(SolutionConfigurationPlatforms) = preSolution
		Debug|x64 = Debug|x64
		Debug|x86 = Debug|x86
		Release|x64 = Release|x64
		Release|x86 = Release|x86
	EndGlobalSection
	GlobalSection(ProjectConfigurationPlatforms) = postSolution
		{B6862A8C-6251-4F63-9D91-4BD17084686C}.Debug|x64.ActiveCfg = Debug|x64
		{B6862A8C-6251-4F63-9D91-4BD17084686C}.Debug|x64.Build.0 = Debug|x64
		{B6862A8C-6251-4F63-9D91-4BD17084686C}.Debug|x86.ActiveCfg = Debug|Win32
		{B6862A8C-6251-4F63-9D91-4BD17084686C}.Debug|x86.Build.0 = Debug|Win32
		{B6862A8C-6251-4F63-9D91-4BD17084686C}.Release|x64.ActiveCfg = Release|x64
		{B6862A8C-6251-4F63-9D91-4BD17084686C}.Release|x64.Build.0 = Release|x64
		{B6862A8C-6251-4F63-9D91-4BD17084686C}.Release|x86.ActiveCfg = Release|Win32
		{B6862A8C-6251-4F63-9D91-4BD17084686C}.Release|x86.Build.0 = Release|Win32
	EndGlobalSection
	GlobalSection(SolutionProperties) = preSolution
		HideSolutionNode = FALSE
	EndGlobalSection
	GlobalSection(ExtensibilityGlobals) = postSolution
		SolutionGuid = {32D4D1D8-7247-42F9-B303-508080FF76A0}
	EndGlobalSection
EndGlobal
